
Microsoft Visual Studio Solution File, Format Version 12.00
# Visual Studio Version 17
VisualStudioVersion = 17.10.35122.118
MinimumVisualStudioVersion = 10.0.40219.1
Project("{FAE04EC0-301F-11D3-BF4B-00C04F79EFBC}") = "calculator_KS", "calculator_KS\calculator_KS.csproj", "{CF5E3F05-FB07-480E-9945-DAD5863F1F34}"
EndProject
Global
	GlobalSection(SolutionConfigurationPlatforms) = preSolution
		Debug|Any CPU = Debug|Any CPU
		Release|Any CPU = Release|Any CPU
	EndGlobalSection
	GlobalSection(ProjectConfigurationPlatforms) = postSolution
		{CF5E3F05-FB07-480E-9945-DAD5863F1F34}.Debug|Any CPU.ActiveCfg = Debug|Any CPU
		{CF5E3F05-FB07-480E-9945-DAD5863F1F34}.Debug|Any CPU.Build.0 = Debug|Any CPU
		{CF5E3F05-FB07-480E-9945-DAD5863F1F34}.Release|Any CPU.ActiveCfg = Release|Any CPU
		{CF5E3F05-FB07-480E-9945-DAD5863F1F34}.Release|Any CPU.Build.0 = Release|Any CPU
	EndGlobalSection
	GlobalSection(SolutionProperties) = preSolution
		HideSolutionNode = FALSE
	EndGlobalSection
	GlobalSection(ExtensibilityGlobals) = postSolution
		SolutionGuid = {D2E92A91-8882-4FB9-8496-38E6751010BA}
	EndGlobalSection
EndGlobal
